
Microsoft Visual Studio Solution File, Format Version 12.00
# Visual Studio 14
VisualStudioVersion = 14.0.25123.0
MinimumVisualStudioVersion = 10.0.40219.1
Project("{8BC9CEB8-8B4A-11D0-8D11-00A0C91BC942}") = "Graphics", "Graphics.vcxproj", "{03BF6FAF-DB8C-4137-B387-EAEFE949A910}"
EndProject
Project("{8BC9CEB8-8B4A-11D0-8D11-00A0C91BC942}") = "01-HelloTriangle", "tests\01-HElloTriangle\01-HElloTriangle.vcxproj", "{81DFAAAE-4B9A-4647-B2F1-AC0EF7186E45}"
	ProjectSection(ProjectDependencies) = postProject
		{03BF6FAF-DB8C-4137-B387-EAEFE949A910} = {03BF6FAF-DB8C-4137-B387-EAEFE949A910}
	EndProjectSection
EndProject
Project("{8BC9CEB8-8B4A-11D0-8D11-00A0C91BC942}") = "02-UniTex", "tests\02-UniTex\02-UniTex.vcxproj", "{C35A7F09-343A-489C-B046-A066359F4E5D}"
EndProject
Project("{8BC9CEB8-8B4A-11D0-8D11-00A0C91BC942}") = "04-FromDisk", "tests\04-FromDisk\04-FromDisk.vcxproj", "{C69716F6-014B-4DA7-A216-2888999D649C}"
	ProjectSection(ProjectDependencies) = postProject
		{03BF6FAF-DB8C-4137-B387-EAEFE949A910} = {03BF6FAF-DB8C-4137-B387-EAEFE949A910}
	EndProjectSection
EndProject
Project("{8BC9CEB8-8B4A-11D0-8D11-00A0C91BC942}") = "shaders", "resources\shaders\shaders.vcxproj", "{F4443B54-6C55-4A26-9E95-7C5621ACFA54}"
EndProject
Project("{8BC9CEB8-8B4A-11D0-8D11-00A0C91BC942}") = "05-MVP", "tests\05-MVP\05-MVP.vcxproj", "{691C220D-0117-4648-8938-91ED81E24EA1}"
EndProject
Project("{8BC9CEB8-8B4A-11D0-8D11-00A0C91BC942}") = "06-Lights", "tests\06-Lights\06-Lights.vcxproj", "{C92685DC-025C-45A7-94F8-3D8D0ABCE4FE}"
	ProjectSection(ProjectDependencies) = postProject
		{03BF6FAF-DB8C-4137-B387-EAEFE949A910} = {03BF6FAF-DB8C-4137-B387-EAEFE949A910}
	EndProjectSection
EndProject
Global
	GlobalSection(SolutionConfigurationPlatforms) = preSolution
		Debug|x64 = Debug|x64
		Debug|x86 = Debug|x86
		Release|x64 = Release|x64
		Release|x86 = Release|x86
	EndGlobalSection
	GlobalSection(ProjectConfigurationPlatforms) = postSolution
		{03BF6FAF-DB8C-4137-B387-EAEFE949A910}.Debug|x64.ActiveCfg = Debug|x64
		{03BF6FAF-DB8C-4137-B387-EAEFE949A910}.Debug|x64.Build.0 = Debug|x64
		{03BF6FAF-DB8C-4137-B387-EAEFE949A910}.Debug|x86.ActiveCfg = Debug|Win32
		{03BF6FAF-DB8C-4137-B387-EAEFE949A910}.Debug|x86.Build.0 = Debug|Win32
		{03BF6FAF-DB8C-4137-B387-EAEFE949A910}.Release|x64.ActiveCfg = Release|x64
		{03BF6FAF-DB8C-4137-B387-EAEFE949A910}.Release|x64.Build.0 = Release|x64
		{03BF6FAF-DB8C-4137-B387-EAEFE949A910}.Release|x86.ActiveCfg = Release|Win32
		{03BF6FAF-DB8C-4137-B387-EAEFE949A910}.Release|x86.Build.0 = Release|Win32
		{81DFAAAE-4B9A-4647-B2F1-AC0EF7186E45}.Debug|x64.ActiveCfg = Debug|x64
		{81DFAAAE-4B9A-4647-B2F1-AC0EF7186E45}.Debug|x64.Build.0 = Debug|x64
		{81DFAAAE-4B9A-4647-B2F1-AC0EF7186E45}.Debug|x86.ActiveCfg = Debug|Win32
		{81DFAAAE-4B9A-4647-B2F1-AC0EF7186E45}.Debug|x86.Build.0 = Debug|Win32
		{81DFAAAE-4B9A-4647-B2F1-AC0EF7186E45}.Release|x64.ActiveCfg = Release|x64
		{81DFAAAE-4B9A-4647-B2F1-AC0EF7186E45}.Release|x64.Build.0 = Release|x64
		{81DFAAAE-4B9A-4647-B2F1-AC0EF7186E45}.Release|x86.ActiveCfg = Release|Win32
		{81DFAAAE-4B9A-4647-B2F1-AC0EF7186E45}.Release|x86.Build.0 = Release|Win32
		{C35A7F09-343A-489C-B046-A066359F4E5D}.Debug|x64.ActiveCfg = Debug|x64
		{C35A7F09-343A-489C-B046-A066359F4E5D}.Debug|x64.Build.0 = Debug|x64
		{C35A7F09-343A-489C-B046-A066359F4E5D}.Debug|x86.ActiveCfg = Debug|Win32
		{C35A7F09-343A-489C-B046-A066359F4E5D}.Debug|x86.Build.0 = Debug|Win32
		{C35A7F09-343A-489C-B046-A066359F4E5D}.Release|x64.ActiveCfg = Release|x64
		{C35A7F09-343A-489C-B046-A066359F4E5D}.Release|x64.Build.0 = Release|x64
		{C35A7F09-343A-489C-B046-A066359F4E5D}.Release|x86.ActiveCfg = Release|Win32
		{C35A7F09-343A-489C-B046-A066359F4E5D}.Release|x86.Build.0 = Release|Win32
		{C69716F6-014B-4DA7-A216-2888999D649C}.Debug|x64.ActiveCfg = Debug|x64
		{C69716F6-014B-4DA7-A216-2888999D649C}.Debug|x64.Build.0 = Debug|x64
		{C69716F6-014B-4DA7-A216-2888999D649C}.Debug|x86.ActiveCfg = Debug|Win32
		{C69716F6-014B-4DA7-A216-2888999D649C}.Debug|x86.Build.0 = Debug|Win32
		{C69716F6-014B-4DA7-A216-2888999D649C}.Release|x64.ActiveCfg = Release|x64
		{C69716F6-014B-4DA7-A216-2888999D649C}.Release|x64.Build.0 = Release|x64
		{C69716F6-014B-4DA7-A216-2888999D649C}.Release|x86.ActiveCfg = Release|Win32
		{C69716F6-014B-4DA7-A216-2888999D649C}.Release|x86.Build.0 = Release|Win32
		{F4443B54-6C55-4A26-9E95-7C5621ACFA54}.Debug|x64.ActiveCfg = Debug|x64
		{F4443B54-6C55-4A26-9E95-7C5621ACFA54}.Debug|x64.Build.0 = Debug|x64
		{F4443B54-6C55-4A26-9E95-7C5621ACFA54}.Debug|x86.ActiveCfg = Debug|Win32
		{F4443B54-6C55-4A26-9E95-7C5621ACFA54}.Debug|x86.Build.0 = Debug|Win32
		{F4443B54-6C55-4A26-9E95-7C5621ACFA54}.Release|x64.ActiveCfg = Release|x64
		{F4443B54-6C55-4A26-9E95-7C5621ACFA54}.Release|x64.Build.0 = Release|x64
		{F4443B54-6C55-4A26-9E95-7C5621ACFA54}.Release|x86.ActiveCfg = Release|Win32
		{F4443B54-6C55-4A26-9E95-7C5621ACFA54}.Release|x86.Build.0 = Release|Win32
		{691C220D-0117-4648-8938-91ED81E24EA1}.Debug|x64.ActiveCfg = Debug|x64
		{691C220D-0117-4648-8938-91ED81E24EA1}.Debug|x64.Build.0 = Debug|x64
		{691C220D-0117-4648-8938-91ED81E24EA1}.Debug|x86.ActiveCfg = Debug|Win32
		{691C220D-0117-4648-8938-91ED81E24EA1}.Debug|x86.Build.0 = Debug|Win32
		{691C220D-0117-4648-8938-91ED81E24EA1}.Release|x64.ActiveCfg = Release|x64
		{691C220D-0117-4648-8938-91ED81E24EA1}.Release|x64.Build.0 = Release|x64
		{691C220D-0117-4648-8938-91ED81E24EA1}.Release|x86.ActiveCfg = Release|Win32
		{691C220D-0117-4648-8938-91ED81E24EA1}.Release|x86.Build.0 = Release|Win32
		{C92685DC-025C-45A7-94F8-3D8D0ABCE4FE}.Debug|x64.ActiveCfg = Debug|x64
		{C92685DC-025C-45A7-94F8-3D8D0ABCE4FE}.Debug|x64.Build.0 = Debug|x64
		{C92685DC-025C-45A7-94F8-3D8D0ABCE4FE}.Debug|x86.ActiveCfg = Debug|Win32
		{C92685DC-025C-45A7-94F8-3D8D0ABCE4FE}.Debug|x86.Build.0 = Debug|Win32
		{C92685DC-025C-45A7-94F8-3D8D0ABCE4FE}.Release|x64.ActiveCfg = Release|x64
		{C92685DC-025C-45A7-94F8-3D8D0ABCE4FE}.Release|x64.Build.0 = Release|x64
		{C92685DC-025C-45A7-94F8-3D8D0ABCE4FE}.Release|x86.ActiveCfg = Release|Win32
		{C92685DC-025C-45A7-94F8-3D8D0ABCE4FE}.Release|x86.Build.0 = Release|Win32
	EndGlobalSection
	GlobalSection(SolutionProperties) = preSolution
		HideSolutionNode = FALSE
	EndGlobalSection
EndGlobal
